
Microsoft Visual Studio Solution File, Format Version 12.00
# Visual Studio Version 16
VisualStudioVersion = 16.0.30011.22
MinimumVisualStudioVersion = 10.0.40219.1
Project("{FAE04EC0-301F-11D3-BF4B-00C04F79EFBC}") = "StudentInformation", "StudentInformation\StudentInformation.csproj", "{B6220831-17B7-44B6-9160-21D5FC429F06}"
EndProject
Project("{2150E333-8FDC-42A3-9474-1A3956D46DE8}") = "Basic Syntex, Conditional Statements and Loops", "Basic Syntex, Conditional Statements and Loops", "{511FA2BA-EADB-4343-91D0-85E6BDAC1034}"
EndProject
Project("{FAE04EC0-301F-11D3-BF4B-00C04F79EFBC}") = "Passed", "Passed\Passed.csproj", "{6B73FFD3-8FF4-4074-91A8-59D81E3A94C1}"
EndProject
Project("{FAE04EC0-301F-11D3-BF4B-00C04F79EFBC}") = "PassedOrFailed", "PassedOrFailed\PassedOrFailed.csproj", "{C708D0E4-C649-40D6-8B99-0241702F2E09}"
EndProject
Project("{FAE04EC0-301F-11D3-BF4B-00C04F79EFBC}") = "BackIn30Minutes", "BackIn30Minutes\BackIn30Minutes.csproj", "{9008CF63-C1F2-40E6-94A3-131D4EA6D13A}"
EndProject
Project("{FAE04EC0-301F-11D3-BF4B-00C04F79EFBC}") = "MonthPrinter", "MonthPrinter\MonthPrinter.csproj", "{FD4F7BF0-A20D-40F9-997A-EF5FEB50664B}"
EndProject
Project("{FAE04EC0-301F-11D3-BF4B-00C04F79EFBC}") = "ForeignLanguages", "ForeignLanguages\ForeignLanguages.csproj", "{C5BBD7F9-B9DB-4613-99D6-C5A99328E711}"
EndProject
Project("{FAE04EC0-301F-11D3-BF4B-00C04F79EFBC}") = "TeatrePromotion", "TeatrePromotion\TeatrePromotion.csproj", "{B9C4B472-A179-4DEB-B7EA-EE2D4976D4AC}"
EndProject
Global
	GlobalSection(SolutionConfigurationPlatforms) = preSolution
		Debug|Any CPU = Debug|Any CPU
		Release|Any CPU = Release|Any CPU
	EndGlobalSection
	GlobalSection(ProjectConfigurationPlatforms) = postSolution
		{B6220831-17B7-44B6-9160-21D5FC429F06}.Debug|Any CPU.ActiveCfg = Debug|Any CPU
		{B6220831-17B7-44B6-9160-21D5FC429F06}.Debug|Any CPU.Build.0 = Debug|Any CPU
		{B6220831-17B7-44B6-9160-21D5FC429F06}.Release|Any CPU.ActiveCfg = Release|Any CPU
		{B6220831-17B7-44B6-9160-21D5FC429F06}.Release|Any CPU.Build.0 = Release|Any CPU
		{6B73FFD3-8FF4-4074-91A8-59D81E3A94C1}.Debug|Any CPU.ActiveCfg = Debug|Any CPU
		{6B73FFD3-8FF4-4074-91A8-59D81E3A94C1}.Debug|Any CPU.Build.0 = Debug|Any CPU
		{6B73FFD3-8FF4-4074-91A8-59D81E3A94C1}.Release|Any CPU.ActiveCfg = Release|Any CPU
		{6B73FFD3-8FF4-4074-91A8-59D81E3A94C1}.Release|Any CPU.Build.0 = Release|Any CPU
		{C708D0E4-C649-40D6-8B99-0241702F2E09}.Debug|Any CPU.ActiveCfg = Debug|Any CPU
		{C708D0E4-C649-40D6-8B99-0241702F2E09}.Debug|Any CPU.Build.0 = Debug|Any CPU
		{C708D0E4-C649-40D6-8B99-0241702F2E09}.Release|Any CPU.ActiveCfg = Release|Any CPU
		{C708D0E4-C649-40D6-8B99-0241702F2E09}.Release|Any CPU.Build.0 = Release|Any CPU
		{9008CF63-C1F2-40E6-94A3-131D4EA6D13A}.Debug|Any CPU.ActiveCfg = Debug|Any CPU
		{9008CF63-C1F2-40E6-94A3-131D4EA6D13A}.Debug|Any CPU.Build.0 = Debug|Any CPU
		{9008CF63-C1F2-40E6-94A3-131D4EA6D13A}.Release|Any CPU.ActiveCfg = Release|Any CPU
		{9008CF63-C1F2-40E6-94A3-131D4EA6D13A}.Release|Any CPU.Build.0 = Release|Any CPU
		{FD4F7BF0-A20D-40F9-997A-EF5FEB50664B}.Debug|Any CPU.ActiveCfg = Debug|Any CPU
		{FD4F7BF0-A20D-40F9-997A-EF5FEB50664B}.Debug|Any CPU.Build.0 = Debug|Any CPU
		{FD4F7BF0-A20D-40F9-997A-EF5FEB50664B}.Release|Any CPU.ActiveCfg = Release|Any CPU
		{FD4F7BF0-A20D-40F9-997A-EF5FEB50664B}.Release|Any CPU.Build.0 = Release|Any CPU
		{C5BBD7F9-B9DB-4613-99D6-C5A99328E711}.Debug|Any CPU.ActiveCfg = Debug|Any CPU
		{C5BBD7F9-B9DB-4613-99D6-C5A99328E711}.Debug|Any CPU.Build.0 = Debug|Any CPU
		{C5BBD7F9-B9DB-4613-99D6-C5A99328E711}.Release|Any CPU.ActiveCfg = Release|Any CPU
		{C5BBD7F9-B9DB-4613-99D6-C5A99328E711}.Release|Any CPU.Build.0 = Release|Any CPU
		{B9C4B472-A179-4DEB-B7EA-EE2D4976D4AC}.Debug|Any CPU.ActiveCfg = Debug|Any CPU
		{B9C4B472-A179-4DEB-B7EA-EE2D4976D4AC}.Debug|Any CPU.Build.0 = Debug|Any CPU
		{B9C4B472-A179-4DEB-B7EA-EE2D4976D4AC}.Release|Any CPU.ActiveCfg = Release|Any CPU
		{B9C4B472-A179-4DEB-B7EA-EE2D4976D4AC}.Release|Any CPU.Build.0 = Release|Any CPU
	EndGlobalSection
	GlobalSection(SolutionProperties) = preSolution
		HideSolutionNode = FALSE
	EndGlobalSection
	GlobalSection(NestedProjects) = preSolution
		{B6220831-17B7-44B6-9160-21D5FC429F06} = {511FA2BA-EADB-4343-91D0-85E6BDAC1034}
		{6B73FFD3-8FF4-4074-91A8-59D81E3A94C1} = {511FA2BA-EADB-4343-91D0-85E6BDAC1034}
		{C708D0E4-C649-40D6-8B99-0241702F2E09} = {511FA2BA-EADB-4343-91D0-85E6BDAC1034}
		{9008CF63-C1F2-40E6-94A3-131D4EA6D13A} = {511FA2BA-EADB-4343-91D0-85E6BDAC1034}
		{FD4F7BF0-A20D-40F9-997A-EF5FEB50664B} = {511FA2BA-EADB-4343-91D0-85E6BDAC1034}
		{C5BBD7F9-B9DB-4613-99D6-C5A99328E711} = {511FA2BA-EADB-4343-91D0-85E6BDAC1034}
		{B9C4B472-A179-4DEB-B7EA-EE2D4976D4AC} = {511FA2BA-EADB-4343-91D0-85E6BDAC1034}
	EndGlobalSection
	GlobalSection(ExtensibilityGlobals) = postSolution
		SolutionGuid = {0164A842-2FF3-4B82-8E28-27FC10B1852E}
	EndGlobalSection
EndGlobal
