
Microsoft Visual Studio Solution File, Format Version 12.00
# Visual Studio Version 16
VisualStudioVersion = 16.0.30011.22
MinimumVisualStudioVersion = 10.0.40219.1
Project("{9A19103F-16F7-4668-BE54-9A1E7A4F7556}") = "StudentInformation", "StudentInformation\StudentInformation.csproj", "{B6220831-17B7-44B6-9160-21D5FC429F06}"
EndProject
Project("{2150E333-8FDC-42A3-9474-1A3956D46DE8}") = "Basic Syntex, Conditional Statements and Loops", "Basic Syntex, Conditional Statements and Loops", "{511FA2BA-EADB-4343-91D0-85E6BDAC1034}"
EndProject
Project("{9A19103F-16F7-4668-BE54-9A1E7A4F7556}") = "Passed", "Passed\Passed.csproj", "{6B73FFD3-8FF4-4074-91A8-59D81E3A94C1}"
EndProject
Project("{9A19103F-16F7-4668-BE54-9A1E7A4F7556}") = "PassedOrFailed", "PassedOrFailed\PassedOrFailed.csproj", "{C708D0E4-C649-40D6-8B99-0241702F2E09}"
EndProject
Project("{9A19103F-16F7-4668-BE54-9A1E7A4F7556}") = "BackIn30Minutes", "BackIn30Minutes\BackIn30Minutes.csproj", "{9008CF63-C1F2-40E6-94A3-131D4EA6D13A}"
EndProject
Project("{9A19103F-16F7-4668-BE54-9A1E7A4F7556}") = "MonthPrinter", "MonthPrinter\MonthPrinter.csproj", "{FD4F7BF0-A20D-40F9-997A-EF5FEB50664B}"
EndProject
Project("{9A19103F-16F7-4668-BE54-9A1E7A4F7556}") = "ForeignLanguages", "ForeignLanguages\ForeignLanguages.csproj", "{C5BBD7F9-B9DB-4613-99D6-C5A99328E711}"
EndProject
Project("{9A19103F-16F7-4668-BE54-9A1E7A4F7556}") = "TeatrePromotion", "TeatrePromotion\TeatrePromotion.csproj", "{B9C4B472-A179-4DEB-B7EA-EE2D4976D4AC}"
EndProject
Project("{9A19103F-16F7-4668-BE54-9A1E7A4F7556}") = "Ages", "Ages\Ages.csproj", "{29F44796-12EC-4775-AC15-AECC83EA7208}"
EndProject
Project("{9A19103F-16F7-4668-BE54-9A1E7A4F7556}") = "Division", "Division\Division.csproj", "{FFC65712-87C9-4180-BF68-74D9A03B2386}"
EndProject
Project("{9A19103F-16F7-4668-BE54-9A1E7A4F7556}") = "Vacation", "Vacation\Vacation.csproj", "{555DAEAE-99D3-49A6-801A-4758FC819502}"
EndProject
Project("{9A19103F-16F7-4668-BE54-9A1E7A4F7556}") = "PrintAndSum", "PrintAndSum\PrintAndSum.csproj", "{2CF943BA-44D9-4536-A81E-94ECF78C9E88}"
EndProject
Project("{9A19103F-16F7-4668-BE54-9A1E7A4F7556}") = "Login", "Login\Login.csproj", "{34F4DF3B-B111-46F4-B36A-0573171F082F}"
EndProject
Project("{9A19103F-16F7-4668-BE54-9A1E7A4F7556}") = "StrongNumber", "StrongNumber\StrongNumber.csproj", "{900E005D-F63D-4626-9F1C-4C7C50A5D8BE}"
EndProject
Project("{9A19103F-16F7-4668-BE54-9A1E7A4F7556}") = "VendingMachine", "VendingMachine\VendingMachine.csproj", "{5A3314FF-B6BC-4D28-847E-05EB1B56BAB6}"
EndProject
Project("{9A19103F-16F7-4668-BE54-9A1E7A4F7556}") = "TriangleOfNumbers", "TriangleOfNumbers\TriangleOfNumbers.csproj", "{529389A5-0B9C-4E90-88E2-78E8A45DB510}"
EndProject
Project("{9A19103F-16F7-4668-BE54-9A1E7A4F7556}") = "PadawanEquipment", "PadawanEquipment\PadawanEquipment.csproj", "{2BBBCA88-593C-409E-847E-FAB68BC30B04}"
EndProject
Project("{9A19103F-16F7-4668-BE54-9A1E7A4F7556}") = "RageExpenses", "RageExpenses\RageExpenses.csproj", "{86DFAAE2-9A34-4041-A79E-A83ADB68A7A6}"
EndProject
Project("{2150E333-8FDC-42A3-9474-1A3956D46DE8}") = "Data Types and Variables", "Data Types and Variables", "{6D13EC33-DE88-48AE-AEA8-55C284E779C6}"
EndProject
Project("{9A19103F-16F7-4668-BE54-9A1E7A4F7556}") = "IntegerOperations", "IntegerOperations\IntegerOperations.csproj", "{1667E8D2-17EE-4923-83AA-AC2C3571867B}"
EndProject
Project("{9A19103F-16F7-4668-BE54-9A1E7A4F7556}") = "SumDigits", "SumDigits\SumDigits.csproj", "{6379C7EA-EE13-4392-8665-D70DB34D377E}"
EndProject
Project("{9A19103F-16F7-4668-BE54-9A1E7A4F7556}") = "Elevator", "Elevator\Elevator.csproj", "{0C175837-9D54-4E7C-B07A-F202F043A3C8}"
EndProject
Project("{9A19103F-16F7-4668-BE54-9A1E7A4F7556}") = "SumOfChars", "SumOfChars\SumOfChars.csproj", "{2BBC6C08-C6B6-41E6-9A24-C0C39408CCBD}"
EndProject
Project("{9A19103F-16F7-4668-BE54-9A1E7A4F7556}") = "PrintPartOfASCIITable", "PrintPartOfASCIITable\PrintPartOfASCIITable.csproj", "{9AC72A30-D011-471D-992D-268BDDDEDD69}"
EndProject
Project("{9A19103F-16F7-4668-BE54-9A1E7A4F7556}") = "TriplesOfLatinLetters", "TriplesOfLatinLetters\TriplesOfLatinLetters.csproj", "{7246C17B-8DAA-4EC3-8D7E-D97C1BFA82BF}"
EndProject
Project("{9A19103F-16F7-4668-BE54-9A1E7A4F7556}") = "WaterOverflow", "WaterOverflow\WaterOverflow.csproj", "{E070C512-3D72-4873-965D-AFBC9F052503}"
EndProject
Project("{9A19103F-16F7-4668-BE54-9A1E7A4F7556}") = "BeerKegs", "BeerKegs\BeerKegs.csproj", "{D9D37669-F5D5-4F3A-BE4C-49467C5A1098}"
EndProject
Project("{9A19103F-16F7-4668-BE54-9A1E7A4F7556}") = "SpiceMustFlow", "SpiceMustFlow\SpiceMustFlow.csproj", "{E3B7C068-22C4-4EC4-820D-E039DF169F05}"
EndProject
Project("{9A19103F-16F7-4668-BE54-9A1E7A4F7556}") = "PokeMon", "PokeMon\PokeMon.csproj", "{CBE4BB47-C04B-48DA-BEF7-BC09A1B79C36}"
EndProject
Project("{9A19103F-16F7-4668-BE54-9A1E7A4F7556}") = "Snowballs", "Snowballs\Snowballs.csproj", "{0005ABA2-F132-4DBB-92EB-4DC7B523E697}"
EndProject
Project("{2150E333-8FDC-42A3-9474-1A3956D46DE8}") = "Arrays", "Arrays", "{240AC20F-9C01-4278-8AF1-EE91A16CA9D4}"
EndProject
Project("{9A19103F-16F7-4668-BE54-9A1E7A4F7556}") = "CommonElements", "CommonElements\CommonElements.csproj", "{BD4D05F5-1C48-4DF1-A381-46940629B4B0}"
EndProject
Project("{9A19103F-16F7-4668-BE54-9A1E7A4F7556}") = "ZigZagArrays", "ZigZagArrays\ZigZagArrays.csproj", "{B3603683-BD09-4733-B763-0541E7753975}"
EndProject
Project("{9A19103F-16F7-4668-BE54-9A1E7A4F7556}") = "Train", "Train\Train.csproj", "{CCC9E52F-0265-45DB-B36D-29D4B8E839E8}"
EndProject
Project("{9A19103F-16F7-4668-BE54-9A1E7A4F7556}") = "DayOfWeek", "DayOfWeek\DayOfWeek.csproj", "{39D69350-0103-4833-8D3E-7DAC13EC1E44}"
EndProject
Project("{9A19103F-16F7-4668-BE54-9A1E7A4F7556}") = "PrintNumbersInReverseOrder", "PrintNumbersInReverseOrder\PrintNumbersInReverseOrder.csproj", "{E062106B-B1E2-4347-824B-ED98DF26D63C}"
EndProject
Project("{9A19103F-16F7-4668-BE54-9A1E7A4F7556}") = "RonundingNumbers", "RonundingNumbers\RonundingNumbers.csproj", "{0190CD21-B4D0-4ED8-B43D-C916E1B33BDA}"
EndProject
Project("{9A19103F-16F7-4668-BE54-9A1E7A4F7556}") = "ReverseArrayOfStrings", "ReverseArrayOfStrings\ReverseArrayOfStrings.csproj", "{06213877-927A-4A61-9F05-E835A133CC2B}"
EndProject
Project("{9A19103F-16F7-4668-BE54-9A1E7A4F7556}") = "SumEvenNumbers", "SumEvenNumbers\SumEvenNumbers.csproj", "{E7B3C76D-D0EA-432A-B0D8-FB7D0B1F8FD7}"
EndProject
Project("{9A19103F-16F7-4668-BE54-9A1E7A4F7556}") = "EvenAndOddSubstraction", "EvenAndOddSubstraction\EvenAndOddSubstraction.csproj", "{08C48673-0E0C-4C74-BB64-E28B95208A80}"
EndProject
Project("{9A19103F-16F7-4668-BE54-9A1E7A4F7556}") = "EqualArrays", "EqualArrays\EqualArrays.csproj", "{833FC18C-F053-453C-993C-E01BC792B949}"
EndProject
Project("{9A19103F-16F7-4668-BE54-9A1E7A4F7556}") = "CondenseArrayToNumber", "CondenseArrayToNumber\CondenseArrayToNumber.csproj", "{9E0D11F9-1822-4970-A245-DE3A972BB0C6}"
EndProject
Project("{9A19103F-16F7-4668-BE54-9A1E7A4F7556}") = "ArrayRotation", "ArrayRotation\ArrayRotation.csproj", "{4707D035-048F-4999-A336-F8705FCC687C}"
EndProject
Project("{9A19103F-16F7-4668-BE54-9A1E7A4F7556}") = "TopIntegers", "TopIntegers\TopIntegers.csproj", "{12A43EBB-B369-4F54-9D82-79A13458490A}"
EndProject
Project("{9A19103F-16F7-4668-BE54-9A1E7A4F7556}") = "EqualSums", "EqualSums\EqualSums.csproj", "{286131EF-AB55-481F-BDCD-CDB968BE0FA7}"
EndProject
Project("{9A19103F-16F7-4668-BE54-9A1E7A4F7556}") = "MaxSequenceOfEqualElements", "MaxSequenceOfEqualElements\MaxSequenceOfEqualElements.csproj", "{D81C3C68-E1A9-4F77-850E-5C3AA26FFEF9}"
EndProject
Project("{9A19103F-16F7-4668-BE54-9A1E7A4F7556}") = "MagicSum", "MagicSum\MagicSum.csproj", "{423CD139-1ED9-4A25-B9F4-D17D547AABE1}"
EndProject
Project("{9A19103F-16F7-4668-BE54-9A1E7A4F7556}") = "KaminoFactory", "KaminoFactory\KaminoFactory.csproj", "{BCE7BD78-C909-4E80-A1E0-39C1C1809493}"
EndProject
Project("{9A19103F-16F7-4668-BE54-9A1E7A4F7556}") = "EncryptSortPrintArray", "EncryptSortPrintArray\EncryptSortPrintArray.csproj", "{6473C728-03EF-48BF-A954-29654F29F79E}"
EndProject
Project("{9A19103F-16F7-4668-BE54-9A1E7A4F7556}") = "PascalTriangle", "PascalTriangle\PascalTriangle.csproj", "{ACE63E51-A67E-4422-A8C2-0525DD82AE29}"
EndProject
Project("{9A19103F-16F7-4668-BE54-9A1E7A4F7556}") = "RecursiveFibonacci", "RecursiveFibonacci\RecursiveFibonacci.csproj", "{D21FC1D8-94B9-4F9A-88AB-DB04E7E69A9A}"
EndProject
Project("{9A19103F-16F7-4668-BE54-9A1E7A4F7556}") = "FoldAndSum", "FoldAndSum\FoldAndSum.csproj", "{4D1BAAA3-9F30-47ED-841F-F7DE33030A89}"
EndProject
Project("{2150E333-8FDC-42A3-9474-1A3956D46DE8}") = "Methods", "Methods", "{245E74BD-27A3-4298-89E8-634AEA774A8E}"
EndProject
Project("{9A19103F-16F7-4668-BE54-9A1E7A4F7556}") = "SmallestOfThreeNumbers", "SmallestOfThreeNumbers\SmallestOfThreeNumbers.csproj", "{383CDE2B-01FA-482C-B14A-FFD15546FBD4}"
EndProject
Project("{9A19103F-16F7-4668-BE54-9A1E7A4F7556}") = "VowelsCount", "VowelsCount\VowelsCount.csproj", "{60E81239-6FF1-4E95-85C6-1AE14FD4622B}"
EndProject
Project("{9A19103F-16F7-4668-BE54-9A1E7A4F7556}") = "CharactersInRange", "CharactersInRange\CharactersInRange.csproj", "{85AE7BC6-2E02-46DE-AF4C-15A54FC15EC9}"
EndProject
Project("{9A19103F-16F7-4668-BE54-9A1E7A4F7556}") = "PasswodValidator", "PasswodValidator\PasswodValidator.csproj", "{2C054A68-7720-4BBB-9177-CC2572F07102}"
EndProject
Project("{9A19103F-16F7-4668-BE54-9A1E7A4F7556}") = "AddAndSubtract", "AddAndSubtract\AddAndSubtract.csproj", "{836B70FC-C1A1-434F-AEC4-7AB78A05D77D}"
EndProject
Project("{9A19103F-16F7-4668-BE54-9A1E7A4F7556}") = "MiddleCharacters", "MiddleCharacters\MiddleCharacters.csproj", "{5A7D7B13-AF52-43EF-9551-C2FF49B2E4FE}"
EndProject
Project("{9A19103F-16F7-4668-BE54-9A1E7A4F7556}") = "NxNMatrix", "NxNMatrix\NxNMatrix.csproj", "{43B38997-94AD-4BBA-91F0-DA9951254514}"
EndProject
Project("{9A19103F-16F7-4668-BE54-9A1E7A4F7556}") = "FactorialDivision", "FactorialDivision\FactorialDivision.csproj", "{16C0B1C6-1995-4AA0-A7E7-D4C03A4F99AA}"
EndProject
Project("{9A19103F-16F7-4668-BE54-9A1E7A4F7556}") = "PalidromeIntegers", "PalidromeIntegers\PalidromeIntegers.csproj", "{8152EA95-3F3A-40E9-B614-75B584D4E722}"
EndProject
Project("{9A19103F-16F7-4668-BE54-9A1E7A4F7556}") = "TopNumber", "TopNumber\TopNumber.csproj", "{D0F90523-1F79-47AE-ACEB-4BDB8B6E64B4}"
EndProject
Project("{9A19103F-16F7-4668-BE54-9A1E7A4F7556}") = "ArrayManipulator", "ArrayManipulator\ArrayManipulator.csproj", "{56548D38-D94F-42D7-B52C-575B01A00E21}"
EndProject
Project("{2150E333-8FDC-42A3-9474-1A3956D46DE8}") = "Lists", "Lists", "{86737FD7-D2EB-41AE-949A-549B91310972}"
EndProject
Project("{9A19103F-16F7-4668-BE54-9A1E7A4F7556}") = "TrainLists", "TrainLists\TrainLists.csproj", "{4F27BBC7-52F4-4F5D-93CC-2589F1FA28C6}"
EndProject
Project("{9A19103F-16F7-4668-BE54-9A1E7A4F7556}") = "ChangeList", "ChangeList\ChangeList.csproj", "{E330DE71-6D81-4C56-AC6E-1B39B33A0413}"
EndProject
Project("{9A19103F-16F7-4668-BE54-9A1E7A4F7556}") = "SoftUniCoursePlanning", "SoftUniCoursePlanning\SoftUniCoursePlanning.csproj", "{1F75B5FF-3104-43F4-9340-0F8FD56F26FC}"
EndProject
Project("{2150E333-8FDC-42A3-9474-1A3956D46DE8}") = "Mid Exams", "Mid Exams", "{B001B487-398D-45D8-86B9-564B2F5691B5}"
EndProject
Project("{9A19103F-16F7-4668-BE54-9A1E7A4F7556}") = "DistanceCalculator", "DistanceCalculator\DistanceCalculator.csproj", "{FE6E1372-7BE8-4FEC-AC2E-5B6257AF2D57}"
EndProject
Project("{9A19103F-16F7-4668-BE54-9A1E7A4F7556}") = "NumberArray", "NumberArray\NumberArray.csproj", "{6629852E-859D-4C40-9E55-BF012CC9E091}"
EndProject
Project("{FAE04EC0-301F-11D3-BF4B-00C04F79EFBC}") = "ContactList", "ContactList\ContactList.csproj", "{9961AEFF-C807-401C-9797-F11E2F046ABF}"
EndProject
Global
	GlobalSection(SolutionConfigurationPlatforms) = preSolution
		Debug|Any CPU = Debug|Any CPU
		Release|Any CPU = Release|Any CPU
	EndGlobalSection
	GlobalSection(ProjectConfigurationPlatforms) = postSolution
		{B6220831-17B7-44B6-9160-21D5FC429F06}.Debug|Any CPU.ActiveCfg = Debug|Any CPU
		{B6220831-17B7-44B6-9160-21D5FC429F06}.Debug|Any CPU.Build.0 = Debug|Any CPU
		{B6220831-17B7-44B6-9160-21D5FC429F06}.Release|Any CPU.ActiveCfg = Release|Any CPU
		{B6220831-17B7-44B6-9160-21D5FC429F06}.Release|Any CPU.Build.0 = Release|Any CPU
		{6B73FFD3-8FF4-4074-91A8-59D81E3A94C1}.Debug|Any CPU.ActiveCfg = Debug|Any CPU
		{6B73FFD3-8FF4-4074-91A8-59D81E3A94C1}.Debug|Any CPU.Build.0 = Debug|Any CPU
		{6B73FFD3-8FF4-4074-91A8-59D81E3A94C1}.Release|Any CPU.ActiveCfg = Release|Any CPU
		{6B73FFD3-8FF4-4074-91A8-59D81E3A94C1}.Release|Any CPU.Build.0 = Release|Any CPU
		{C708D0E4-C649-40D6-8B99-0241702F2E09}.Debug|Any CPU.ActiveCfg = Debug|Any CPU
		{C708D0E4-C649-40D6-8B99-0241702F2E09}.Debug|Any CPU.Build.0 = Debug|Any CPU
		{C708D0E4-C649-40D6-8B99-0241702F2E09}.Release|Any CPU.ActiveCfg = Release|Any CPU
		{C708D0E4-C649-40D6-8B99-0241702F2E09}.Release|Any CPU.Build.0 = Release|Any CPU
		{9008CF63-C1F2-40E6-94A3-131D4EA6D13A}.Debug|Any CPU.ActiveCfg = Debug|Any CPU
		{9008CF63-C1F2-40E6-94A3-131D4EA6D13A}.Debug|Any CPU.Build.0 = Debug|Any CPU
		{9008CF63-C1F2-40E6-94A3-131D4EA6D13A}.Release|Any CPU.ActiveCfg = Release|Any CPU
		{9008CF63-C1F2-40E6-94A3-131D4EA6D13A}.Release|Any CPU.Build.0 = Release|Any CPU
		{FD4F7BF0-A20D-40F9-997A-EF5FEB50664B}.Debug|Any CPU.ActiveCfg = Debug|Any CPU
		{FD4F7BF0-A20D-40F9-997A-EF5FEB50664B}.Debug|Any CPU.Build.0 = Debug|Any CPU
		{FD4F7BF0-A20D-40F9-997A-EF5FEB50664B}.Release|Any CPU.ActiveCfg = Release|Any CPU
		{FD4F7BF0-A20D-40F9-997A-EF5FEB50664B}.Release|Any CPU.Build.0 = Release|Any CPU
		{C5BBD7F9-B9DB-4613-99D6-C5A99328E711}.Debug|Any CPU.ActiveCfg = Debug|Any CPU
		{C5BBD7F9-B9DB-4613-99D6-C5A99328E711}.Debug|Any CPU.Build.0 = Debug|Any CPU
		{C5BBD7F9-B9DB-4613-99D6-C5A99328E711}.Release|Any CPU.ActiveCfg = Release|Any CPU
		{C5BBD7F9-B9DB-4613-99D6-C5A99328E711}.Release|Any CPU.Build.0 = Release|Any CPU
		{B9C4B472-A179-4DEB-B7EA-EE2D4976D4AC}.Debug|Any CPU.ActiveCfg = Debug|Any CPU
		{B9C4B472-A179-4DEB-B7EA-EE2D4976D4AC}.Debug|Any CPU.Build.0 = Debug|Any CPU
		{B9C4B472-A179-4DEB-B7EA-EE2D4976D4AC}.Release|Any CPU.ActiveCfg = Release|Any CPU
		{B9C4B472-A179-4DEB-B7EA-EE2D4976D4AC}.Release|Any CPU.Build.0 = Release|Any CPU
		{29F44796-12EC-4775-AC15-AECC83EA7208}.Debug|Any CPU.ActiveCfg = Debug|Any CPU
		{29F44796-12EC-4775-AC15-AECC83EA7208}.Debug|Any CPU.Build.0 = Debug|Any CPU
		{29F44796-12EC-4775-AC15-AECC83EA7208}.Release|Any CPU.ActiveCfg = Release|Any CPU
		{29F44796-12EC-4775-AC15-AECC83EA7208}.Release|Any CPU.Build.0 = Release|Any CPU
		{FFC65712-87C9-4180-BF68-74D9A03B2386}.Debug|Any CPU.ActiveCfg = Debug|Any CPU
		{FFC65712-87C9-4180-BF68-74D9A03B2386}.Debug|Any CPU.Build.0 = Debug|Any CPU
		{FFC65712-87C9-4180-BF68-74D9A03B2386}.Release|Any CPU.ActiveCfg = Release|Any CPU
		{FFC65712-87C9-4180-BF68-74D9A03B2386}.Release|Any CPU.Build.0 = Release|Any CPU
		{555DAEAE-99D3-49A6-801A-4758FC819502}.Debug|Any CPU.ActiveCfg = Debug|Any CPU
		{555DAEAE-99D3-49A6-801A-4758FC819502}.Debug|Any CPU.Build.0 = Debug|Any CPU
		{555DAEAE-99D3-49A6-801A-4758FC819502}.Release|Any CPU.ActiveCfg = Release|Any CPU
		{555DAEAE-99D3-49A6-801A-4758FC819502}.Release|Any CPU.Build.0 = Release|Any CPU
		{2CF943BA-44D9-4536-A81E-94ECF78C9E88}.Debug|Any CPU.ActiveCfg = Debug|Any CPU
		{2CF943BA-44D9-4536-A81E-94ECF78C9E88}.Debug|Any CPU.Build.0 = Debug|Any CPU
		{2CF943BA-44D9-4536-A81E-94ECF78C9E88}.Release|Any CPU.ActiveCfg = Release|Any CPU
		{2CF943BA-44D9-4536-A81E-94ECF78C9E88}.Release|Any CPU.Build.0 = Release|Any CPU
		{34F4DF3B-B111-46F4-B36A-0573171F082F}.Debug|Any CPU.ActiveCfg = Debug|Any CPU
		{34F4DF3B-B111-46F4-B36A-0573171F082F}.Debug|Any CPU.Build.0 = Debug|Any CPU
		{34F4DF3B-B111-46F4-B36A-0573171F082F}.Release|Any CPU.ActiveCfg = Release|Any CPU
		{34F4DF3B-B111-46F4-B36A-0573171F082F}.Release|Any CPU.Build.0 = Release|Any CPU
		{900E005D-F63D-4626-9F1C-4C7C50A5D8BE}.Debug|Any CPU.ActiveCfg = Debug|Any CPU
		{900E005D-F63D-4626-9F1C-4C7C50A5D8BE}.Debug|Any CPU.Build.0 = Debug|Any CPU
		{900E005D-F63D-4626-9F1C-4C7C50A5D8BE}.Release|Any CPU.ActiveCfg = Release|Any CPU
		{900E005D-F63D-4626-9F1C-4C7C50A5D8BE}.Release|Any CPU.Build.0 = Release|Any CPU
		{5A3314FF-B6BC-4D28-847E-05EB1B56BAB6}.Debug|Any CPU.ActiveCfg = Debug|Any CPU
		{5A3314FF-B6BC-4D28-847E-05EB1B56BAB6}.Debug|Any CPU.Build.0 = Debug|Any CPU
		{5A3314FF-B6BC-4D28-847E-05EB1B56BAB6}.Release|Any CPU.ActiveCfg = Release|Any CPU
		{5A3314FF-B6BC-4D28-847E-05EB1B56BAB6}.Release|Any CPU.Build.0 = Release|Any CPU
		{529389A5-0B9C-4E90-88E2-78E8A45DB510}.Debug|Any CPU.ActiveCfg = Debug|Any CPU
		{529389A5-0B9C-4E90-88E2-78E8A45DB510}.Debug|Any CPU.Build.0 = Debug|Any CPU
		{529389A5-0B9C-4E90-88E2-78E8A45DB510}.Release|Any CPU.ActiveCfg = Release|Any CPU
		{529389A5-0B9C-4E90-88E2-78E8A45DB510}.Release|Any CPU.Build.0 = Release|Any CPU
		{2BBBCA88-593C-409E-847E-FAB68BC30B04}.Debug|Any CPU.ActiveCfg = Debug|Any CPU
		{2BBBCA88-593C-409E-847E-FAB68BC30B04}.Debug|Any CPU.Build.0 = Debug|Any CPU
		{2BBBCA88-593C-409E-847E-FAB68BC30B04}.Release|Any CPU.ActiveCfg = Release|Any CPU
		{2BBBCA88-593C-409E-847E-FAB68BC30B04}.Release|Any CPU.Build.0 = Release|Any CPU
		{86DFAAE2-9A34-4041-A79E-A83ADB68A7A6}.Debug|Any CPU.ActiveCfg = Debug|Any CPU
		{86DFAAE2-9A34-4041-A79E-A83ADB68A7A6}.Debug|Any CPU.Build.0 = Debug|Any CPU
		{86DFAAE2-9A34-4041-A79E-A83ADB68A7A6}.Release|Any CPU.ActiveCfg = Release|Any CPU
		{86DFAAE2-9A34-4041-A79E-A83ADB68A7A6}.Release|Any CPU.Build.0 = Release|Any CPU
		{1667E8D2-17EE-4923-83AA-AC2C3571867B}.Debug|Any CPU.ActiveCfg = Debug|Any CPU
		{1667E8D2-17EE-4923-83AA-AC2C3571867B}.Debug|Any CPU.Build.0 = Debug|Any CPU
		{1667E8D2-17EE-4923-83AA-AC2C3571867B}.Release|Any CPU.ActiveCfg = Release|Any CPU
		{1667E8D2-17EE-4923-83AA-AC2C3571867B}.Release|Any CPU.Build.0 = Release|Any CPU
		{6379C7EA-EE13-4392-8665-D70DB34D377E}.Debug|Any CPU.ActiveCfg = Debug|Any CPU
		{6379C7EA-EE13-4392-8665-D70DB34D377E}.Debug|Any CPU.Build.0 = Debug|Any CPU
		{6379C7EA-EE13-4392-8665-D70DB34D377E}.Release|Any CPU.ActiveCfg = Release|Any CPU
		{6379C7EA-EE13-4392-8665-D70DB34D377E}.Release|Any CPU.Build.0 = Release|Any CPU
		{0C175837-9D54-4E7C-B07A-F202F043A3C8}.Debug|Any CPU.ActiveCfg = Debug|Any CPU
		{0C175837-9D54-4E7C-B07A-F202F043A3C8}.Debug|Any CPU.Build.0 = Debug|Any CPU
		{0C175837-9D54-4E7C-B07A-F202F043A3C8}.Release|Any CPU.ActiveCfg = Release|Any CPU
		{0C175837-9D54-4E7C-B07A-F202F043A3C8}.Release|Any CPU.Build.0 = Release|Any CPU
		{2BBC6C08-C6B6-41E6-9A24-C0C39408CCBD}.Debug|Any CPU.ActiveCfg = Debug|Any CPU
		{2BBC6C08-C6B6-41E6-9A24-C0C39408CCBD}.Debug|Any CPU.Build.0 = Debug|Any CPU
		{2BBC6C08-C6B6-41E6-9A24-C0C39408CCBD}.Release|Any CPU.ActiveCfg = Release|Any CPU
		{2BBC6C08-C6B6-41E6-9A24-C0C39408CCBD}.Release|Any CPU.Build.0 = Release|Any CPU
		{9AC72A30-D011-471D-992D-268BDDDEDD69}.Debug|Any CPU.ActiveCfg = Debug|Any CPU
		{9AC72A30-D011-471D-992D-268BDDDEDD69}.Debug|Any CPU.Build.0 = Debug|Any CPU
		{9AC72A30-D011-471D-992D-268BDDDEDD69}.Release|Any CPU.ActiveCfg = Release|Any CPU
		{9AC72A30-D011-471D-992D-268BDDDEDD69}.Release|Any CPU.Build.0 = Release|Any CPU
		{7246C17B-8DAA-4EC3-8D7E-D97C1BFA82BF}.Debug|Any CPU.ActiveCfg = Debug|Any CPU
		{7246C17B-8DAA-4EC3-8D7E-D97C1BFA82BF}.Debug|Any CPU.Build.0 = Debug|Any CPU
		{7246C17B-8DAA-4EC3-8D7E-D97C1BFA82BF}.Release|Any CPU.ActiveCfg = Release|Any CPU
		{7246C17B-8DAA-4EC3-8D7E-D97C1BFA82BF}.Release|Any CPU.Build.0 = Release|Any CPU
		{E070C512-3D72-4873-965D-AFBC9F052503}.Debug|Any CPU.ActiveCfg = Debug|Any CPU
		{E070C512-3D72-4873-965D-AFBC9F052503}.Debug|Any CPU.Build.0 = Debug|Any CPU
		{E070C512-3D72-4873-965D-AFBC9F052503}.Release|Any CPU.ActiveCfg = Release|Any CPU
		{E070C512-3D72-4873-965D-AFBC9F052503}.Release|Any CPU.Build.0 = Release|Any CPU
		{D9D37669-F5D5-4F3A-BE4C-49467C5A1098}.Debug|Any CPU.ActiveCfg = Debug|Any CPU
		{D9D37669-F5D5-4F3A-BE4C-49467C5A1098}.Debug|Any CPU.Build.0 = Debug|Any CPU
		{D9D37669-F5D5-4F3A-BE4C-49467C5A1098}.Release|Any CPU.ActiveCfg = Release|Any CPU
		{D9D37669-F5D5-4F3A-BE4C-49467C5A1098}.Release|Any CPU.Build.0 = Release|Any CPU
		{E3B7C068-22C4-4EC4-820D-E039DF169F05}.Debug|Any CPU.ActiveCfg = Debug|Any CPU
		{E3B7C068-22C4-4EC4-820D-E039DF169F05}.Debug|Any CPU.Build.0 = Debug|Any CPU
		{E3B7C068-22C4-4EC4-820D-E039DF169F05}.Release|Any CPU.ActiveCfg = Release|Any CPU
		{E3B7C068-22C4-4EC4-820D-E039DF169F05}.Release|Any CPU.Build.0 = Release|Any CPU
		{CBE4BB47-C04B-48DA-BEF7-BC09A1B79C36}.Debug|Any CPU.ActiveCfg = Debug|Any CPU
		{CBE4BB47-C04B-48DA-BEF7-BC09A1B79C36}.Debug|Any CPU.Build.0 = Debug|Any CPU
		{CBE4BB47-C04B-48DA-BEF7-BC09A1B79C36}.Release|Any CPU.ActiveCfg = Release|Any CPU
		{CBE4BB47-C04B-48DA-BEF7-BC09A1B79C36}.Release|Any CPU.Build.0 = Release|Any CPU
		{0005ABA2-F132-4DBB-92EB-4DC7B523E697}.Debug|Any CPU.ActiveCfg = Debug|Any CPU
		{0005ABA2-F132-4DBB-92EB-4DC7B523E697}.Debug|Any CPU.Build.0 = Debug|Any CPU
		{0005ABA2-F132-4DBB-92EB-4DC7B523E697}.Release|Any CPU.ActiveCfg = Release|Any CPU
		{0005ABA2-F132-4DBB-92EB-4DC7B523E697}.Release|Any CPU.Build.0 = Release|Any CPU
		{BD4D05F5-1C48-4DF1-A381-46940629B4B0}.Debug|Any CPU.ActiveCfg = Debug|Any CPU
		{BD4D05F5-1C48-4DF1-A381-46940629B4B0}.Debug|Any CPU.Build.0 = Debug|Any CPU
		{BD4D05F5-1C48-4DF1-A381-46940629B4B0}.Release|Any CPU.ActiveCfg = Release|Any CPU
		{BD4D05F5-1C48-4DF1-A381-46940629B4B0}.Release|Any CPU.Build.0 = Release|Any CPU
		{B3603683-BD09-4733-B763-0541E7753975}.Debug|Any CPU.ActiveCfg = Debug|Any CPU
		{B3603683-BD09-4733-B763-0541E7753975}.Debug|Any CPU.Build.0 = Debug|Any CPU
		{B3603683-BD09-4733-B763-0541E7753975}.Release|Any CPU.ActiveCfg = Release|Any CPU
		{B3603683-BD09-4733-B763-0541E7753975}.Release|Any CPU.Build.0 = Release|Any CPU
		{CCC9E52F-0265-45DB-B36D-29D4B8E839E8}.Debug|Any CPU.ActiveCfg = Debug|Any CPU
		{CCC9E52F-0265-45DB-B36D-29D4B8E839E8}.Debug|Any CPU.Build.0 = Debug|Any CPU
		{CCC9E52F-0265-45DB-B36D-29D4B8E839E8}.Release|Any CPU.ActiveCfg = Release|Any CPU
		{CCC9E52F-0265-45DB-B36D-29D4B8E839E8}.Release|Any CPU.Build.0 = Release|Any CPU
		{39D69350-0103-4833-8D3E-7DAC13EC1E44}.Debug|Any CPU.ActiveCfg = Debug|Any CPU
		{39D69350-0103-4833-8D3E-7DAC13EC1E44}.Debug|Any CPU.Build.0 = Debug|Any CPU
		{39D69350-0103-4833-8D3E-7DAC13EC1E44}.Release|Any CPU.ActiveCfg = Release|Any CPU
		{39D69350-0103-4833-8D3E-7DAC13EC1E44}.Release|Any CPU.Build.0 = Release|Any CPU
		{E062106B-B1E2-4347-824B-ED98DF26D63C}.Debug|Any CPU.ActiveCfg = Debug|Any CPU
		{E062106B-B1E2-4347-824B-ED98DF26D63C}.Debug|Any CPU.Build.0 = Debug|Any CPU
		{E062106B-B1E2-4347-824B-ED98DF26D63C}.Release|Any CPU.ActiveCfg = Release|Any CPU
		{E062106B-B1E2-4347-824B-ED98DF26D63C}.Release|Any CPU.Build.0 = Release|Any CPU
		{0190CD21-B4D0-4ED8-B43D-C916E1B33BDA}.Debug|Any CPU.ActiveCfg = Debug|Any CPU
		{0190CD21-B4D0-4ED8-B43D-C916E1B33BDA}.Debug|Any CPU.Build.0 = Debug|Any CPU
		{0190CD21-B4D0-4ED8-B43D-C916E1B33BDA}.Release|Any CPU.ActiveCfg = Release|Any CPU
		{0190CD21-B4D0-4ED8-B43D-C916E1B33BDA}.Release|Any CPU.Build.0 = Release|Any CPU
		{06213877-927A-4A61-9F05-E835A133CC2B}.Debug|Any CPU.ActiveCfg = Debug|Any CPU
		{06213877-927A-4A61-9F05-E835A133CC2B}.Debug|Any CPU.Build.0 = Debug|Any CPU
		{06213877-927A-4A61-9F05-E835A133CC2B}.Release|Any CPU.ActiveCfg = Release|Any CPU
		{06213877-927A-4A61-9F05-E835A133CC2B}.Release|Any CPU.Build.0 = Release|Any CPU
		{E7B3C76D-D0EA-432A-B0D8-FB7D0B1F8FD7}.Debug|Any CPU.ActiveCfg = Debug|Any CPU
		{E7B3C76D-D0EA-432A-B0D8-FB7D0B1F8FD7}.Debug|Any CPU.Build.0 = Debug|Any CPU
		{E7B3C76D-D0EA-432A-B0D8-FB7D0B1F8FD7}.Release|Any CPU.ActiveCfg = Release|Any CPU
		{E7B3C76D-D0EA-432A-B0D8-FB7D0B1F8FD7}.Release|Any CPU.Build.0 = Release|Any CPU
		{08C48673-0E0C-4C74-BB64-E28B95208A80}.Debug|Any CPU.ActiveCfg = Debug|Any CPU
		{08C48673-0E0C-4C74-BB64-E28B95208A80}.Debug|Any CPU.Build.0 = Debug|Any CPU
		{08C48673-0E0C-4C74-BB64-E28B95208A80}.Release|Any CPU.ActiveCfg = Release|Any CPU
		{08C48673-0E0C-4C74-BB64-E28B95208A80}.Release|Any CPU.Build.0 = Release|Any CPU
		{833FC18C-F053-453C-993C-E01BC792B949}.Debug|Any CPU.ActiveCfg = Debug|Any CPU
		{833FC18C-F053-453C-993C-E01BC792B949}.Debug|Any CPU.Build.0 = Debug|Any CPU
		{833FC18C-F053-453C-993C-E01BC792B949}.Release|Any CPU.ActiveCfg = Release|Any CPU
		{833FC18C-F053-453C-993C-E01BC792B949}.Release|Any CPU.Build.0 = Release|Any CPU
		{9E0D11F9-1822-4970-A245-DE3A972BB0C6}.Debug|Any CPU.ActiveCfg = Debug|Any CPU
		{9E0D11F9-1822-4970-A245-DE3A972BB0C6}.Debug|Any CPU.Build.0 = Debug|Any CPU
		{9E0D11F9-1822-4970-A245-DE3A972BB0C6}.Release|Any CPU.ActiveCfg = Release|Any CPU
		{9E0D11F9-1822-4970-A245-DE3A972BB0C6}.Release|Any CPU.Build.0 = Release|Any CPU
		{4707D035-048F-4999-A336-F8705FCC687C}.Debug|Any CPU.ActiveCfg = Debug|Any CPU
		{4707D035-048F-4999-A336-F8705FCC687C}.Debug|Any CPU.Build.0 = Debug|Any CPU
		{4707D035-048F-4999-A336-F8705FCC687C}.Release|Any CPU.ActiveCfg = Release|Any CPU
		{4707D035-048F-4999-A336-F8705FCC687C}.Release|Any CPU.Build.0 = Release|Any CPU
		{12A43EBB-B369-4F54-9D82-79A13458490A}.Debug|Any CPU.ActiveCfg = Debug|Any CPU
		{12A43EBB-B369-4F54-9D82-79A13458490A}.Debug|Any CPU.Build.0 = Debug|Any CPU
		{12A43EBB-B369-4F54-9D82-79A13458490A}.Release|Any CPU.ActiveCfg = Release|Any CPU
		{12A43EBB-B369-4F54-9D82-79A13458490A}.Release|Any CPU.Build.0 = Release|Any CPU
		{286131EF-AB55-481F-BDCD-CDB968BE0FA7}.Debug|Any CPU.ActiveCfg = Debug|Any CPU
		{286131EF-AB55-481F-BDCD-CDB968BE0FA7}.Debug|Any CPU.Build.0 = Debug|Any CPU
		{286131EF-AB55-481F-BDCD-CDB968BE0FA7}.Release|Any CPU.ActiveCfg = Release|Any CPU
		{286131EF-AB55-481F-BDCD-CDB968BE0FA7}.Release|Any CPU.Build.0 = Release|Any CPU
		{D81C3C68-E1A9-4F77-850E-5C3AA26FFEF9}.Debug|Any CPU.ActiveCfg = Debug|Any CPU
		{D81C3C68-E1A9-4F77-850E-5C3AA26FFEF9}.Debug|Any CPU.Build.0 = Debug|Any CPU
		{D81C3C68-E1A9-4F77-850E-5C3AA26FFEF9}.Release|Any CPU.ActiveCfg = Release|Any CPU
		{D81C3C68-E1A9-4F77-850E-5C3AA26FFEF9}.Release|Any CPU.Build.0 = Release|Any CPU
		{423CD139-1ED9-4A25-B9F4-D17D547AABE1}.Debug|Any CPU.ActiveCfg = Debug|Any CPU
		{423CD139-1ED9-4A25-B9F4-D17D547AABE1}.Debug|Any CPU.Build.0 = Debug|Any CPU
		{423CD139-1ED9-4A25-B9F4-D17D547AABE1}.Release|Any CPU.ActiveCfg = Release|Any CPU
		{423CD139-1ED9-4A25-B9F4-D17D547AABE1}.Release|Any CPU.Build.0 = Release|Any CPU
		{BCE7BD78-C909-4E80-A1E0-39C1C1809493}.Debug|Any CPU.ActiveCfg = Debug|Any CPU
		{BCE7BD78-C909-4E80-A1E0-39C1C1809493}.Debug|Any CPU.Build.0 = Debug|Any CPU
		{BCE7BD78-C909-4E80-A1E0-39C1C1809493}.Release|Any CPU.ActiveCfg = Release|Any CPU
		{BCE7BD78-C909-4E80-A1E0-39C1C1809493}.Release|Any CPU.Build.0 = Release|Any CPU
		{6473C728-03EF-48BF-A954-29654F29F79E}.Debug|Any CPU.ActiveCfg = Debug|Any CPU
		{6473C728-03EF-48BF-A954-29654F29F79E}.Debug|Any CPU.Build.0 = Debug|Any CPU
		{6473C728-03EF-48BF-A954-29654F29F79E}.Release|Any CPU.ActiveCfg = Release|Any CPU
		{6473C728-03EF-48BF-A954-29654F29F79E}.Release|Any CPU.Build.0 = Release|Any CPU
		{ACE63E51-A67E-4422-A8C2-0525DD82AE29}.Debug|Any CPU.ActiveCfg = Debug|Any CPU
		{ACE63E51-A67E-4422-A8C2-0525DD82AE29}.Debug|Any CPU.Build.0 = Debug|Any CPU
		{ACE63E51-A67E-4422-A8C2-0525DD82AE29}.Release|Any CPU.ActiveCfg = Release|Any CPU
		{ACE63E51-A67E-4422-A8C2-0525DD82AE29}.Release|Any CPU.Build.0 = Release|Any CPU
		{D21FC1D8-94B9-4F9A-88AB-DB04E7E69A9A}.Debug|Any CPU.ActiveCfg = Debug|Any CPU
		{D21FC1D8-94B9-4F9A-88AB-DB04E7E69A9A}.Debug|Any CPU.Build.0 = Debug|Any CPU
		{D21FC1D8-94B9-4F9A-88AB-DB04E7E69A9A}.Release|Any CPU.ActiveCfg = Release|Any CPU
		{D21FC1D8-94B9-4F9A-88AB-DB04E7E69A9A}.Release|Any CPU.Build.0 = Release|Any CPU
		{4D1BAAA3-9F30-47ED-841F-F7DE33030A89}.Debug|Any CPU.ActiveCfg = Debug|Any CPU
		{4D1BAAA3-9F30-47ED-841F-F7DE33030A89}.Debug|Any CPU.Build.0 = Debug|Any CPU
		{4D1BAAA3-9F30-47ED-841F-F7DE33030A89}.Release|Any CPU.ActiveCfg = Release|Any CPU
		{4D1BAAA3-9F30-47ED-841F-F7DE33030A89}.Release|Any CPU.Build.0 = Release|Any CPU
		{383CDE2B-01FA-482C-B14A-FFD15546FBD4}.Debug|Any CPU.ActiveCfg = Debug|Any CPU
		{383CDE2B-01FA-482C-B14A-FFD15546FBD4}.Debug|Any CPU.Build.0 = Debug|Any CPU
		{383CDE2B-01FA-482C-B14A-FFD15546FBD4}.Release|Any CPU.ActiveCfg = Release|Any CPU
		{383CDE2B-01FA-482C-B14A-FFD15546FBD4}.Release|Any CPU.Build.0 = Release|Any CPU
		{60E81239-6FF1-4E95-85C6-1AE14FD4622B}.Debug|Any CPU.ActiveCfg = Debug|Any CPU
		{60E81239-6FF1-4E95-85C6-1AE14FD4622B}.Debug|Any CPU.Build.0 = Debug|Any CPU
		{60E81239-6FF1-4E95-85C6-1AE14FD4622B}.Release|Any CPU.ActiveCfg = Release|Any CPU
		{60E81239-6FF1-4E95-85C6-1AE14FD4622B}.Release|Any CPU.Build.0 = Release|Any CPU
		{85AE7BC6-2E02-46DE-AF4C-15A54FC15EC9}.Debug|Any CPU.ActiveCfg = Debug|Any CPU
		{85AE7BC6-2E02-46DE-AF4C-15A54FC15EC9}.Debug|Any CPU.Build.0 = Debug|Any CPU
		{85AE7BC6-2E02-46DE-AF4C-15A54FC15EC9}.Release|Any CPU.ActiveCfg = Release|Any CPU
		{85AE7BC6-2E02-46DE-AF4C-15A54FC15EC9}.Release|Any CPU.Build.0 = Release|Any CPU
		{2C054A68-7720-4BBB-9177-CC2572F07102}.Debug|Any CPU.ActiveCfg = Debug|Any CPU
		{2C054A68-7720-4BBB-9177-CC2572F07102}.Debug|Any CPU.Build.0 = Debug|Any CPU
		{2C054A68-7720-4BBB-9177-CC2572F07102}.Release|Any CPU.ActiveCfg = Release|Any CPU
		{2C054A68-7720-4BBB-9177-CC2572F07102}.Release|Any CPU.Build.0 = Release|Any CPU
		{836B70FC-C1A1-434F-AEC4-7AB78A05D77D}.Debug|Any CPU.ActiveCfg = Debug|Any CPU
		{836B70FC-C1A1-434F-AEC4-7AB78A05D77D}.Debug|Any CPU.Build.0 = Debug|Any CPU
		{836B70FC-C1A1-434F-AEC4-7AB78A05D77D}.Release|Any CPU.ActiveCfg = Release|Any CPU
		{836B70FC-C1A1-434F-AEC4-7AB78A05D77D}.Release|Any CPU.Build.0 = Release|Any CPU
		{5A7D7B13-AF52-43EF-9551-C2FF49B2E4FE}.Debug|Any CPU.ActiveCfg = Debug|Any CPU
		{5A7D7B13-AF52-43EF-9551-C2FF49B2E4FE}.Debug|Any CPU.Build.0 = Debug|Any CPU
		{5A7D7B13-AF52-43EF-9551-C2FF49B2E4FE}.Release|Any CPU.ActiveCfg = Release|Any CPU
		{5A7D7B13-AF52-43EF-9551-C2FF49B2E4FE}.Release|Any CPU.Build.0 = Release|Any CPU
		{43B38997-94AD-4BBA-91F0-DA9951254514}.Debug|Any CPU.ActiveCfg = Debug|Any CPU
		{43B38997-94AD-4BBA-91F0-DA9951254514}.Debug|Any CPU.Build.0 = Debug|Any CPU
		{43B38997-94AD-4BBA-91F0-DA9951254514}.Release|Any CPU.ActiveCfg = Release|Any CPU
		{43B38997-94AD-4BBA-91F0-DA9951254514}.Release|Any CPU.Build.0 = Release|Any CPU
		{16C0B1C6-1995-4AA0-A7E7-D4C03A4F99AA}.Debug|Any CPU.ActiveCfg = Debug|Any CPU
		{16C0B1C6-1995-4AA0-A7E7-D4C03A4F99AA}.Debug|Any CPU.Build.0 = Debug|Any CPU
		{16C0B1C6-1995-4AA0-A7E7-D4C03A4F99AA}.Release|Any CPU.ActiveCfg = Release|Any CPU
		{16C0B1C6-1995-4AA0-A7E7-D4C03A4F99AA}.Release|Any CPU.Build.0 = Release|Any CPU
		{8152EA95-3F3A-40E9-B614-75B584D4E722}.Debug|Any CPU.ActiveCfg = Debug|Any CPU
		{8152EA95-3F3A-40E9-B614-75B584D4E722}.Debug|Any CPU.Build.0 = Debug|Any CPU
		{8152EA95-3F3A-40E9-B614-75B584D4E722}.Release|Any CPU.ActiveCfg = Release|Any CPU
		{8152EA95-3F3A-40E9-B614-75B584D4E722}.Release|Any CPU.Build.0 = Release|Any CPU
		{D0F90523-1F79-47AE-ACEB-4BDB8B6E64B4}.Debug|Any CPU.ActiveCfg = Debug|Any CPU
		{D0F90523-1F79-47AE-ACEB-4BDB8B6E64B4}.Debug|Any CPU.Build.0 = Debug|Any CPU
		{D0F90523-1F79-47AE-ACEB-4BDB8B6E64B4}.Release|Any CPU.ActiveCfg = Release|Any CPU
		{D0F90523-1F79-47AE-ACEB-4BDB8B6E64B4}.Release|Any CPU.Build.0 = Release|Any CPU
		{56548D38-D94F-42D7-B52C-575B01A00E21}.Debug|Any CPU.ActiveCfg = Debug|Any CPU
		{56548D38-D94F-42D7-B52C-575B01A00E21}.Debug|Any CPU.Build.0 = Debug|Any CPU
		{56548D38-D94F-42D7-B52C-575B01A00E21}.Release|Any CPU.ActiveCfg = Release|Any CPU
		{56548D38-D94F-42D7-B52C-575B01A00E21}.Release|Any CPU.Build.0 = Release|Any CPU
		{4F27BBC7-52F4-4F5D-93CC-2589F1FA28C6}.Debug|Any CPU.ActiveCfg = Debug|Any CPU
		{4F27BBC7-52F4-4F5D-93CC-2589F1FA28C6}.Debug|Any CPU.Build.0 = Debug|Any CPU
		{4F27BBC7-52F4-4F5D-93CC-2589F1FA28C6}.Release|Any CPU.ActiveCfg = Release|Any CPU
		{4F27BBC7-52F4-4F5D-93CC-2589F1FA28C6}.Release|Any CPU.Build.0 = Release|Any CPU
		{E330DE71-6D81-4C56-AC6E-1B39B33A0413}.Debug|Any CPU.ActiveCfg = Debug|Any CPU
		{E330DE71-6D81-4C56-AC6E-1B39B33A0413}.Debug|Any CPU.Build.0 = Debug|Any CPU
		{E330DE71-6D81-4C56-AC6E-1B39B33A0413}.Release|Any CPU.ActiveCfg = Release|Any CPU
		{E330DE71-6D81-4C56-AC6E-1B39B33A0413}.Release|Any CPU.Build.0 = Release|Any CPU
		{1F75B5FF-3104-43F4-9340-0F8FD56F26FC}.Debug|Any CPU.ActiveCfg = Debug|Any CPU
		{1F75B5FF-3104-43F4-9340-0F8FD56F26FC}.Debug|Any CPU.Build.0 = Debug|Any CPU
		{1F75B5FF-3104-43F4-9340-0F8FD56F26FC}.Release|Any CPU.ActiveCfg = Release|Any CPU
		{1F75B5FF-3104-43F4-9340-0F8FD56F26FC}.Release|Any CPU.Build.0 = Release|Any CPU
		{FE6E1372-7BE8-4FEC-AC2E-5B6257AF2D57}.Debug|Any CPU.ActiveCfg = Debug|Any CPU
		{FE6E1372-7BE8-4FEC-AC2E-5B6257AF2D57}.Debug|Any CPU.Build.0 = Debug|Any CPU
		{FE6E1372-7BE8-4FEC-AC2E-5B6257AF2D57}.Release|Any CPU.ActiveCfg = Release|Any CPU
		{FE6E1372-7BE8-4FEC-AC2E-5B6257AF2D57}.Release|Any CPU.Build.0 = Release|Any CPU
		{6629852E-859D-4C40-9E55-BF012CC9E091}.Debug|Any CPU.ActiveCfg = Debug|Any CPU
		{6629852E-859D-4C40-9E55-BF012CC9E091}.Debug|Any CPU.Build.0 = Debug|Any CPU
		{6629852E-859D-4C40-9E55-BF012CC9E091}.Release|Any CPU.ActiveCfg = Release|Any CPU
		{6629852E-859D-4C40-9E55-BF012CC9E091}.Release|Any CPU.Build.0 = Release|Any CPU
		{9961AEFF-C807-401C-9797-F11E2F046ABF}.Debug|Any CPU.ActiveCfg = Debug|Any CPU
		{9961AEFF-C807-401C-9797-F11E2F046ABF}.Debug|Any CPU.Build.0 = Debug|Any CPU
		{9961AEFF-C807-401C-9797-F11E2F046ABF}.Release|Any CPU.ActiveCfg = Release|Any CPU
		{9961AEFF-C807-401C-9797-F11E2F046ABF}.Release|Any CPU.Build.0 = Release|Any CPU
	EndGlobalSection
	GlobalSection(SolutionProperties) = preSolution
		HideSolutionNode = FALSE
	EndGlobalSection
	GlobalSection(NestedProjects) = preSolution
		{B6220831-17B7-44B6-9160-21D5FC429F06} = {511FA2BA-EADB-4343-91D0-85E6BDAC1034}
		{6B73FFD3-8FF4-4074-91A8-59D81E3A94C1} = {511FA2BA-EADB-4343-91D0-85E6BDAC1034}
		{C708D0E4-C649-40D6-8B99-0241702F2E09} = {511FA2BA-EADB-4343-91D0-85E6BDAC1034}
		{9008CF63-C1F2-40E6-94A3-131D4EA6D13A} = {511FA2BA-EADB-4343-91D0-85E6BDAC1034}
		{FD4F7BF0-A20D-40F9-997A-EF5FEB50664B} = {511FA2BA-EADB-4343-91D0-85E6BDAC1034}
		{C5BBD7F9-B9DB-4613-99D6-C5A99328E711} = {511FA2BA-EADB-4343-91D0-85E6BDAC1034}
		{B9C4B472-A179-4DEB-B7EA-EE2D4976D4AC} = {511FA2BA-EADB-4343-91D0-85E6BDAC1034}
		{29F44796-12EC-4775-AC15-AECC83EA7208} = {511FA2BA-EADB-4343-91D0-85E6BDAC1034}
		{FFC65712-87C9-4180-BF68-74D9A03B2386} = {511FA2BA-EADB-4343-91D0-85E6BDAC1034}
		{555DAEAE-99D3-49A6-801A-4758FC819502} = {511FA2BA-EADB-4343-91D0-85E6BDAC1034}
		{2CF943BA-44D9-4536-A81E-94ECF78C9E88} = {511FA2BA-EADB-4343-91D0-85E6BDAC1034}
		{34F4DF3B-B111-46F4-B36A-0573171F082F} = {511FA2BA-EADB-4343-91D0-85E6BDAC1034}
		{900E005D-F63D-4626-9F1C-4C7C50A5D8BE} = {511FA2BA-EADB-4343-91D0-85E6BDAC1034}
		{5A3314FF-B6BC-4D28-847E-05EB1B56BAB6} = {511FA2BA-EADB-4343-91D0-85E6BDAC1034}
		{529389A5-0B9C-4E90-88E2-78E8A45DB510} = {511FA2BA-EADB-4343-91D0-85E6BDAC1034}
		{2BBBCA88-593C-409E-847E-FAB68BC30B04} = {511FA2BA-EADB-4343-91D0-85E6BDAC1034}
		{86DFAAE2-9A34-4041-A79E-A83ADB68A7A6} = {511FA2BA-EADB-4343-91D0-85E6BDAC1034}
		{1667E8D2-17EE-4923-83AA-AC2C3571867B} = {6D13EC33-DE88-48AE-AEA8-55C284E779C6}
		{6379C7EA-EE13-4392-8665-D70DB34D377E} = {6D13EC33-DE88-48AE-AEA8-55C284E779C6}
		{0C175837-9D54-4E7C-B07A-F202F043A3C8} = {6D13EC33-DE88-48AE-AEA8-55C284E779C6}
		{2BBC6C08-C6B6-41E6-9A24-C0C39408CCBD} = {6D13EC33-DE88-48AE-AEA8-55C284E779C6}
		{9AC72A30-D011-471D-992D-268BDDDEDD69} = {6D13EC33-DE88-48AE-AEA8-55C284E779C6}
		{7246C17B-8DAA-4EC3-8D7E-D97C1BFA82BF} = {6D13EC33-DE88-48AE-AEA8-55C284E779C6}
		{E070C512-3D72-4873-965D-AFBC9F052503} = {6D13EC33-DE88-48AE-AEA8-55C284E779C6}
		{D9D37669-F5D5-4F3A-BE4C-49467C5A1098} = {6D13EC33-DE88-48AE-AEA8-55C284E779C6}
		{E3B7C068-22C4-4EC4-820D-E039DF169F05} = {6D13EC33-DE88-48AE-AEA8-55C284E779C6}
		{CBE4BB47-C04B-48DA-BEF7-BC09A1B79C36} = {6D13EC33-DE88-48AE-AEA8-55C284E779C6}
		{0005ABA2-F132-4DBB-92EB-4DC7B523E697} = {6D13EC33-DE88-48AE-AEA8-55C284E779C6}
		{BD4D05F5-1C48-4DF1-A381-46940629B4B0} = {240AC20F-9C01-4278-8AF1-EE91A16CA9D4}
		{B3603683-BD09-4733-B763-0541E7753975} = {240AC20F-9C01-4278-8AF1-EE91A16CA9D4}
		{CCC9E52F-0265-45DB-B36D-29D4B8E839E8} = {240AC20F-9C01-4278-8AF1-EE91A16CA9D4}
		{39D69350-0103-4833-8D3E-7DAC13EC1E44} = {240AC20F-9C01-4278-8AF1-EE91A16CA9D4}
		{E062106B-B1E2-4347-824B-ED98DF26D63C} = {240AC20F-9C01-4278-8AF1-EE91A16CA9D4}
		{0190CD21-B4D0-4ED8-B43D-C916E1B33BDA} = {240AC20F-9C01-4278-8AF1-EE91A16CA9D4}
		{06213877-927A-4A61-9F05-E835A133CC2B} = {240AC20F-9C01-4278-8AF1-EE91A16CA9D4}
		{E7B3C76D-D0EA-432A-B0D8-FB7D0B1F8FD7} = {240AC20F-9C01-4278-8AF1-EE91A16CA9D4}
		{08C48673-0E0C-4C74-BB64-E28B95208A80} = {240AC20F-9C01-4278-8AF1-EE91A16CA9D4}
		{833FC18C-F053-453C-993C-E01BC792B949} = {240AC20F-9C01-4278-8AF1-EE91A16CA9D4}
		{9E0D11F9-1822-4970-A245-DE3A972BB0C6} = {240AC20F-9C01-4278-8AF1-EE91A16CA9D4}
		{4707D035-048F-4999-A336-F8705FCC687C} = {240AC20F-9C01-4278-8AF1-EE91A16CA9D4}
		{12A43EBB-B369-4F54-9D82-79A13458490A} = {240AC20F-9C01-4278-8AF1-EE91A16CA9D4}
		{286131EF-AB55-481F-BDCD-CDB968BE0FA7} = {240AC20F-9C01-4278-8AF1-EE91A16CA9D4}
		{D81C3C68-E1A9-4F77-850E-5C3AA26FFEF9} = {240AC20F-9C01-4278-8AF1-EE91A16CA9D4}
		{423CD139-1ED9-4A25-B9F4-D17D547AABE1} = {240AC20F-9C01-4278-8AF1-EE91A16CA9D4}
		{BCE7BD78-C909-4E80-A1E0-39C1C1809493} = {240AC20F-9C01-4278-8AF1-EE91A16CA9D4}
		{6473C728-03EF-48BF-A954-29654F29F79E} = {240AC20F-9C01-4278-8AF1-EE91A16CA9D4}
		{ACE63E51-A67E-4422-A8C2-0525DD82AE29} = {240AC20F-9C01-4278-8AF1-EE91A16CA9D4}
		{D21FC1D8-94B9-4F9A-88AB-DB04E7E69A9A} = {240AC20F-9C01-4278-8AF1-EE91A16CA9D4}
		{4D1BAAA3-9F30-47ED-841F-F7DE33030A89} = {240AC20F-9C01-4278-8AF1-EE91A16CA9D4}
		{383CDE2B-01FA-482C-B14A-FFD15546FBD4} = {245E74BD-27A3-4298-89E8-634AEA774A8E}
		{60E81239-6FF1-4E95-85C6-1AE14FD4622B} = {245E74BD-27A3-4298-89E8-634AEA774A8E}
		{85AE7BC6-2E02-46DE-AF4C-15A54FC15EC9} = {245E74BD-27A3-4298-89E8-634AEA774A8E}
		{2C054A68-7720-4BBB-9177-CC2572F07102} = {245E74BD-27A3-4298-89E8-634AEA774A8E}
		{836B70FC-C1A1-434F-AEC4-7AB78A05D77D} = {245E74BD-27A3-4298-89E8-634AEA774A8E}
		{5A7D7B13-AF52-43EF-9551-C2FF49B2E4FE} = {245E74BD-27A3-4298-89E8-634AEA774A8E}
		{43B38997-94AD-4BBA-91F0-DA9951254514} = {245E74BD-27A3-4298-89E8-634AEA774A8E}
		{16C0B1C6-1995-4AA0-A7E7-D4C03A4F99AA} = {245E74BD-27A3-4298-89E8-634AEA774A8E}
		{8152EA95-3F3A-40E9-B614-75B584D4E722} = {245E74BD-27A3-4298-89E8-634AEA774A8E}
		{D0F90523-1F79-47AE-ACEB-4BDB8B6E64B4} = {245E74BD-27A3-4298-89E8-634AEA774A8E}
		{56548D38-D94F-42D7-B52C-575B01A00E21} = {245E74BD-27A3-4298-89E8-634AEA774A8E}
		{4F27BBC7-52F4-4F5D-93CC-2589F1FA28C6} = {86737FD7-D2EB-41AE-949A-549B91310972}
		{E330DE71-6D81-4C56-AC6E-1B39B33A0413} = {86737FD7-D2EB-41AE-949A-549B91310972}
		{1F75B5FF-3104-43F4-9340-0F8FD56F26FC} = {86737FD7-D2EB-41AE-949A-549B91310972}
		{FE6E1372-7BE8-4FEC-AC2E-5B6257AF2D57} = {B001B487-398D-45D8-86B9-564B2F5691B5}
		{6629852E-859D-4C40-9E55-BF012CC9E091} = {B001B487-398D-45D8-86B9-564B2F5691B5}
		{9961AEFF-C807-401C-9797-F11E2F046ABF} = {B001B487-398D-45D8-86B9-564B2F5691B5}
	EndGlobalSection
	GlobalSection(ExtensibilityGlobals) = postSolution
		SolutionGuid = {0164A842-2FF3-4B82-8E28-27FC10B1852E}
	EndGlobalSection
EndGlobal
